# THIS IS AN AUTOGENERATED FILE. DO NOT EDIT THIS FILE DIRECTLY.
# yarn lockfile v1


"@tonybadguy/call-me-maybe@^2.0.1":
  version "2.0.1"
  resolved "https://registry.yarnpkg.com/@tonybadguy/call-me-maybe/-/call-me-maybe-2.0.1.tgz#233267eb0a1625c2f5954f27af364b4a29c6e344"
  dependencies:
    caseless "^0.11.0"
    error "^7.0.2"
    small-request "^2.0.2"
    string-template "^1.0.0"

caseless@^0.11.0:
  version "0.11.0"
  resolved "https://registry.yarnpkg.com/caseless/-/caseless-0.11.0.tgz#715b96ea9841593cc33067923f5ec60ebda4f7d7"

error@^7.0.2:
  version "7.0.2"
  resolved "https://registry.yarnpkg.com/error/-/error-7.0.2.tgz#a5f75fff4d9926126ddac0ea5dc38e689153cb02"
  dependencies:
    string-template "~0.2.1"
    xtend "~4.0.0"

request-function@^2.0.0:
  version "2.0.0"
  resolved "https://registry.yarnpkg.com/request-function/-/request-function-2.0.0.tgz#27aace27f871e3c2fd48a19dad75ca384c4b8654"
  dependencies:
    error "^7.0.2"

small-request@^2.0.2:
  version "2.0.2"
  resolved "https://registry.yarnpkg.com/small-request/-/small-request-2.0.2.tgz#a44ba8d86fa2de24c168085268c567f885030653"
  dependencies:
    request-function "^2.0.0"

string-template@^1.0.0:
  version "1.0.0"
  resolved "https://registry.yarnpkg.com/string-template/-/string-template-1.0.0.tgz#9e9f2233dc00f218718ec379a28a5673ecca8b96"

string-template@~0.2.1:
  version "0.2.1"
  resolved "https://registry.yarnpkg.com/string-template/-/string-template-0.2.1.tgz#42932e598a352d01fc22ec3367d9d84eec6c9add"

xtend@~4.0.0:
  version "4.0.1"
  resolved "https://registry.yarnpkg.com/xtend/-/xtend-4.0.1.tgz#a5c6d532be656e23db820efb943a1f04998d63af"

yelp-fusion@^2.0.3:
  version "2.0.3"
  resolved "https://registry.yarnpkg.com/yelp-fusion/-/yelp-fusion-2.0.3.tgz#701ef2c902eac8cf4b2ba53dd952a70d878244f8"
  dependencies:
    "@tonybadguy/call-me-maybe" "^2.0.1"
